
Microsoft Visual Studio Solution File, Format Version 12.00
# Visual Studio Version 17
VisualStudioVersion = 17.6.33723.286
MinimumVisualStudioVersion = 10.0.40219.1
Project("{FAE04EC0-301F-11D3-BF4B-00C04F79EFBC}") = "3.Vueling.Crosscutting.Models", "Vueling.Crosscutting.Models\3.Vueling.Crosscutting.Models.csproj", "{56F5F9B8-3068-4F3B-A3CD-19EAE5B4433E}"
EndProject
Project("{FAE04EC0-301F-11D3-BF4B-00C04F79EFBC}") = "2.Vueling.Infrastructure.Repository", "Vueling.Infrastructure.Repository\2.Vueling.Infrastructure.Repository.csproj", "{F3370163-6454-4077-B899-2DACD9C7841C}"
EndProject
Project("{FAE04EC0-301F-11D3-BF4B-00C04F79EFBC}") = "1.Vueling.Business.Logic", "Vueling.Business.Logic\1.Vueling.Business.Logic.csproj", "{B80B0A48-C457-406C-B44B-2A5B7CFABE5B}"
EndProject
Project("{FAE04EC0-301F-11D3-BF4B-00C04F79EFBC}") = "Vueling.Api.WCF", "Vueling.Api.WCF\Vueling.Api.WCF.csproj", "{66042D69-92A4-4D36-87ED-B0E40AE115D3}"
EndProject
Global
	GlobalSection(SolutionConfigurationPlatforms) = preSolution
		Debug|Any CPU = Debug|Any CPU
		Release|Any CPU = Release|Any CPU
	EndGlobalSection
	GlobalSection(ProjectConfigurationPlatforms) = postSolution
		{56F5F9B8-3068-4F3B-A3CD-19EAE5B4433E}.Debug|Any CPU.ActiveCfg = Debug|Any CPU
		{56F5F9B8-3068-4F3B-A3CD-19EAE5B4433E}.Debug|Any CPU.Build.0 = Debug|Any CPU
		{56F5F9B8-3068-4F3B-A3CD-19EAE5B4433E}.Release|Any CPU.ActiveCfg = Release|Any CPU
		{56F5F9B8-3068-4F3B-A3CD-19EAE5B4433E}.Release|Any CPU.Build.0 = Release|Any CPU
		{F3370163-6454-4077-B899-2DACD9C7841C}.Debug|Any CPU.ActiveCfg = Debug|Any CPU
		{F3370163-6454-4077-B899-2DACD9C7841C}.Debug|Any CPU.Build.0 = Debug|Any CPU
		{F3370163-6454-4077-B899-2DACD9C7841C}.Release|Any CPU.ActiveCfg = Release|Any CPU
		{F3370163-6454-4077-B899-2DACD9C7841C}.Release|Any CPU.Build.0 = Release|Any CPU
		{B80B0A48-C457-406C-B44B-2A5B7CFABE5B}.Debug|Any CPU.ActiveCfg = Debug|Any CPU
		{B80B0A48-C457-406C-B44B-2A5B7CFABE5B}.Debug|Any CPU.Build.0 = Debug|Any CPU
		{B80B0A48-C457-406C-B44B-2A5B7CFABE5B}.Release|Any CPU.ActiveCfg = Release|Any CPU
		{B80B0A48-C457-406C-B44B-2A5B7CFABE5B}.Release|Any CPU.Build.0 = Release|Any CPU
		{66042D69-92A4-4D36-87ED-B0E40AE115D3}.Debug|Any CPU.ActiveCfg = Debug|Any CPU
		{66042D69-92A4-4D36-87ED-B0E40AE115D3}.Debug|Any CPU.Build.0 = Debug|Any CPU
		{66042D69-92A4-4D36-87ED-B0E40AE115D3}.Release|Any CPU.ActiveCfg = Release|Any CPU
		{66042D69-92A4-4D36-87ED-B0E40AE115D3}.Release|Any CPU.Build.0 = Release|Any CPU
	EndGlobalSection
	GlobalSection(SolutionProperties) = preSolution
		HideSolutionNode = FALSE
	EndGlobalSection
	GlobalSection(ExtensibilityGlobals) = postSolution
		SolutionGuid = {7EF42F7C-0813-40FB-AE56-627505F726F7}
	EndGlobalSection
EndGlobal
